<Solution>
  <Folder Name="/Solution Items/">
    <File Path=".editorconfig" />
    <File Path=".github/workflows/ci.yml" />
  </Folder>
  <Folder Name="/src/">
    <Project Path="AlertHub.Api/AlertHub.Api.csproj" />
  </Folder>
  <Folder Name="/Tests/">
    <Project Path="AlertHub.Tests/AlertHub.Tests.csproj" />
  </Folder>
</Solution>
